// !$*UTF8*$!
{
	archiveVersion = 1;
	classes = {
	};
	objectVersion = 56;
	objects = {

/* Begin PBXBuildFile section */
		5276138229B558B100BF2A37 /* WeightCombinationViewController.swift in Sources */ = {isa = PBXBuildFile; fileRef = 5276138129B558B100BF2A37 /* WeightCombinationViewController.swift */; };
		5280F27E29DFA57200C3D0E0 /* Routine.swift in Sources */ = {isa = PBXBuildFile; fileRef = 5280F27D29DFA57200C3D0E0 /* Routine.swift */; };
		528605612994A82E00293F77 /* AppDelegate.swift in Sources */ = {isa = PBXBuildFile; fileRef = 528605602994A82E00293F77 /* AppDelegate.swift */; };
		528605632994A82E00293F77 /* SceneDelegate.swift in Sources */ = {isa = PBXBuildFile; fileRef = 528605622994A82E00293F77 /* SceneDelegate.swift */; };
		528605652994A82E00293F77 /* WeightViewController.swift in Sources */ = {isa = PBXBuildFile; fileRef = 528605642994A82E00293F77 /* WeightViewController.swift */; };
		5286056A2994A83300293F77 /* Assets.xcassets in Resources */ = {isa = PBXBuildFile; fileRef = 528605692994A83300293F77 /* Assets.xcassets */; };
		5286056D2994A83300293F77 /* LaunchScreen.storyboard in Resources */ = {isa = PBXBuildFile; fileRef = 5286056B2994A83300293F77 /* LaunchScreen.storyboard */; };
		528605752994A87200293F77 /* WeightView.swift in Sources */ = {isa = PBXBuildFile; fileRef = 528605742994A87200293F77 /* WeightView.swift */; };
		529C518729A0BBB800883BE9 /* FontConstants.swift in Sources */ = {isa = PBXBuildFile; fileRef = 529C518629A0BBB800883BE9 /* FontConstants.swift */; };
		529C518929A0BF2D00883BE9 /* InsetTextField.swift in Sources */ = {isa = PBXBuildFile; fileRef = 529C518829A0BF2D00883BE9 /* InsetTextField.swift */; };
		529C518B29A0C1D300883BE9 /* EditableWeightSectionView.swift in Sources */ = {isa = PBXBuildFile; fileRef = 529C518A29A0C1D300883BE9 /* EditableWeightSectionView.swift */; };
		529C518D29A0CA1A00883BE9 /* WeightRecordCell.swift in Sources */ = {isa = PBXBuildFile; fileRef = 529C518C29A0CA1A00883BE9 /* WeightRecordCell.swift */; };
		529C518F29A0D12400883BE9 /* WeightRecord.swift in Sources */ = {isa = PBXBuildFile; fileRef = 529C518E29A0D12400883BE9 /* WeightRecord.swift */; };
		529C519429A2BB8A00883BE9 /* Charts in Frameworks */ = {isa = PBXBuildFile; productRef = 529C519329A2BB8A00883BE9 /* Charts */; };
		52EBD5B2299FFBA000DE7CE3 /* MuscleGroupSelectorView.swift in Sources */ = {isa = PBXBuildFile; fileRef = 52EBD5B1299FFBA000DE7CE3 /* MuscleGroupSelectorView.swift */; };
		52EBD5B4299FFDF700DE7CE3 /* MuscleGroupSelectorViewController.swift in Sources */ = {isa = PBXBuildFile; fileRef = 52EBD5B3299FFDF700DE7CE3 /* MuscleGroupSelectorViewController.swift */; };
		52EBD5B629A0003A00DE7CE3 /* MuscleGroupCell.swift in Sources */ = {isa = PBXBuildFile; fileRef = 52EBD5B529A0003A00DE7CE3 /* MuscleGroupCell.swift */; };
		52F5932F2996D9F500811247 /* ExercisesView.swift in Sources */ = {isa = PBXBuildFile; fileRef = 52F5932E2996D9F500811247 /* ExercisesView.swift */; };
		52F593312996DC5600811247 /* Exercise.swift in Sources */ = {isa = PBXBuildFile; fileRef = 52F593302996DC5600811247 /* Exercise.swift */; };
		52F593332996DECF00811247 /* MuscleGroupEnum.swift in Sources */ = {isa = PBXBuildFile; fileRef = 52F593322996DECF00811247 /* MuscleGroupEnum.swift */; };
		52F5933A2996EA5800811247 /* ExercisesViewController.swift in Sources */ = {isa = PBXBuildFile; fileRef = 52F593392996EA5800811247 /* ExercisesViewController.swift */; };
		52F5933C2996EBC300811247 /* ExerciseCell.swift in Sources */ = {isa = PBXBuildFile; fileRef = 52F5933B2996EBC300811247 /* ExerciseCell.swift */; };
		52F593452998912B00811247 /* ExerciseDetailView.swift in Sources */ = {isa = PBXBuildFile; fileRef = 52F593442998912B00811247 /* ExerciseDetailView.swift */; };
		52F593472999561600811247 /* ExerciseRecord.swift in Sources */ = {isa = PBXBuildFile; fileRef = 52F593462999561600811247 /* ExerciseRecord.swift */; };
		52F593492999AF1600811247 /* ExerciseRecordCell.swift in Sources */ = {isa = PBXBuildFile; fileRef = 52F593482999AF1600811247 /* ExerciseRecordCell.swift */; };
		52F5934B2999B44200811247 /* ExerciseDetailViewController.swift in Sources */ = {isa = PBXBuildFile; fileRef = 52F5934A2999B44200811247 /* ExerciseDetailViewController.swift */; };
		52F5934D2999CB5F00811247 /* ExerciseEditableCell.swift in Sources */ = {isa = PBXBuildFile; fileRef = 52F5934C2999CB5F00811247 /* ExerciseEditableCell.swift */; };
		52F5934F2999FA1600811247 /* GoogleService-Info.plist in Resources */ = {isa = PBXBuildFile; fileRef = 52F5934E2999FA1600811247 /* GoogleService-Info.plist */; };
		52F593522999FB6D00811247 /* FirebaseFirestore in Frameworks */ = {isa = PBXBuildFile; productRef = 52F593512999FB6D00811247 /* FirebaseFirestore */; };
		52F593542999FB6D00811247 /* FirebaseFirestoreSwift in Frameworks */ = {isa = PBXBuildFile; productRef = 52F593532999FB6D00811247 /* FirebaseFirestoreSwift */; };
		52F593562999FB6D00811247 /* FirebaseFunctions in Frameworks */ = {isa = PBXBuildFile; productRef = 52F593552999FB6D00811247 /* FirebaseFunctions */; };
		52F593582999FC5D00811247 /* FirebaseFirestore.swift in Sources */ = {isa = PBXBuildFile; fileRef = 52F593572999FC5D00811247 /* FirebaseFirestore.swift */; };
		52F5935B299A0C6000811247 /* AddExerciseView.swift in Sources */ = {isa = PBXBuildFile; fileRef = 52F5935A299A0C6000811247 /* AddExerciseView.swift */; };
		52F5935D299A11BA00811247 /* AddExerciseViewController.swift in Sources */ = {isa = PBXBuildFile; fileRef = 52F5935C299A11BA00811247 /* AddExerciseViewController.swift */; };
		52F707DA29DA8C5000C7187E /* RoutineView.swift in Sources */ = {isa = PBXBuildFile; fileRef = 52F707D929DA8C5000C7187E /* RoutineView.swift */; };
/* End PBXBuildFile section */

/* Begin PBXFileReference section */
		5276138129B558B100BF2A37 /* WeightCombinationViewController.swift */ = {isa = PBXFileReference; lastKnownFileType = sourcecode.swift; path = WeightCombinationViewController.swift; sourceTree = "<group>"; };
		5280F27D29DFA57200C3D0E0 /* Routine.swift */ = {isa = PBXFileReference; lastKnownFileType = sourcecode.swift; path = Routine.swift; sourceTree = "<group>"; };
		5286055D2994A82E00293F77 /* Better.app */ = {isa = PBXFileReference; explicitFileType = wrapper.application; includeInIndex = 0; path = Better.app; sourceTree = BUILT_PRODUCTS_DIR; };
		528605602994A82E00293F77 /* AppDelegate.swift */ = {isa = PBXFileReference; lastKnownFileType = sourcecode.swift; path = AppDelegate.swift; sourceTree = "<group>"; };
		528605622994A82E00293F77 /* SceneDelegate.swift */ = {isa = PBXFileReference; lastKnownFileType = sourcecode.swift; path = SceneDelegate.swift; sourceTree = "<group>"; };
		528605642994A82E00293F77 /* WeightViewController.swift */ = {isa = PBXFileReference; lastKnownFileType = sourcecode.swift; path = WeightViewController.swift; sourceTree = "<group>"; };
		528605692994A83300293F77 /* Assets.xcassets */ = {isa = PBXFileReference; lastKnownFileType = folder.assetcatalog; path = Assets.xcassets; sourceTree = "<group>"; };
		5286056C2994A83300293F77 /* Base */ = {isa = PBXFileReference; lastKnownFileType = file.storyboard; name = Base; path = Base.lproj/LaunchScreen.storyboard; sourceTree = "<group>"; };
		5286056E2994A83300293F77 /* Info.plist */ = {isa = PBXFileReference; lastKnownFileType = text.plist.xml; path = Info.plist; sourceTree = "<group>"; };
		528605742994A87200293F77 /* WeightView.swift */ = {isa = PBXFileReference; lastKnownFileType = sourcecode.swift; path = WeightView.swift; sourceTree = "<group>"; };
		529C518629A0BBB800883BE9 /* FontConstants.swift */ = {isa = PBXFileReference; lastKnownFileType = sourcecode.swift; path = FontConstants.swift; sourceTree = "<group>"; };
		529C518829A0BF2D00883BE9 /* InsetTextField.swift */ = {isa = PBXFileReference; lastKnownFileType = sourcecode.swift; path = InsetTextField.swift; sourceTree = "<group>"; };
		529C518A29A0C1D300883BE9 /* EditableWeightSectionView.swift */ = {isa = PBXFileReference; lastKnownFileType = sourcecode.swift; path = EditableWeightSectionView.swift; sourceTree = "<group>"; };
		529C518C29A0CA1A00883BE9 /* WeightRecordCell.swift */ = {isa = PBXFileReference; lastKnownFileType = sourcecode.swift; path = WeightRecordCell.swift; sourceTree = "<group>"; };
		529C518E29A0D12400883BE9 /* WeightRecord.swift */ = {isa = PBXFileReference; lastKnownFileType = sourcecode.swift; path = WeightRecord.swift; sourceTree = "<group>"; };
		52EBD5B1299FFBA000DE7CE3 /* MuscleGroupSelectorView.swift */ = {isa = PBXFileReference; lastKnownFileType = sourcecode.swift; path = MuscleGroupSelectorView.swift; sourceTree = "<group>"; };
		52EBD5B3299FFDF700DE7CE3 /* MuscleGroupSelectorViewController.swift */ = {isa = PBXFileReference; lastKnownFileType = sourcecode.swift; path = MuscleGroupSelectorViewController.swift; sourceTree = "<group>"; };
		52EBD5B529A0003A00DE7CE3 /* MuscleGroupCell.swift */ = {isa = PBXFileReference; lastKnownFileType = sourcecode.swift; path = MuscleGroupCell.swift; sourceTree = "<group>"; };
		52F5932E2996D9F500811247 /* ExercisesView.swift */ = {isa = PBXFileReference; lastKnownFileType = sourcecode.swift; path = ExercisesView.swift; sourceTree = "<group>"; };
		52F593302996DC5600811247 /* Exercise.swift */ = {isa = PBXFileReference; lastKnownFileType = sourcecode.swift; path = Exercise.swift; sourceTree = "<group>"; };
		52F593322996DECF00811247 /* MuscleGroupEnum.swift */ = {isa = PBXFileReference; lastKnownFileType = sourcecode.swift; path = MuscleGroupEnum.swift; sourceTree = "<group>"; };
		52F593392996EA5800811247 /* ExercisesViewController.swift */ = {isa = PBXFileReference; lastKnownFileType = sourcecode.swift; path = ExercisesViewController.swift; sourceTree = "<group>"; };
		52F5933B2996EBC300811247 /* ExerciseCell.swift */ = {isa = PBXFileReference; lastKnownFileType = sourcecode.swift; path = ExerciseCell.swift; sourceTree = "<group>"; };
		52F593442998912B00811247 /* ExerciseDetailView.swift */ = {isa = PBXFileReference; lastKnownFileType = sourcecode.swift; path = ExerciseDetailView.swift; sourceTree = "<group>"; };
		52F593462999561600811247 /* ExerciseRecord.swift */ = {isa = PBXFileReference; lastKnownFileType = sourcecode.swift; path = ExerciseRecord.swift; sourceTree = "<group>"; };
		52F593482999AF1600811247 /* ExerciseRecordCell.swift */ = {isa = PBXFileReference; lastKnownFileType = sourcecode.swift; path = ExerciseRecordCell.swift; sourceTree = "<group>"; };
		52F5934A2999B44200811247 /* ExerciseDetailViewController.swift */ = {isa = PBXFileReference; lastKnownFileType = sourcecode.swift; path = ExerciseDetailViewController.swift; sourceTree = "<group>"; };
		52F5934C2999CB5F00811247 /* ExerciseEditableCell.swift */ = {isa = PBXFileReference; lastKnownFileType = sourcecode.swift; path = ExerciseEditableCell.swift; sourceTree = "<group>"; };
		52F5934E2999FA1600811247 /* GoogleService-Info.plist */ = {isa = PBXFileReference; fileEncoding = 4; lastKnownFileType = text.plist.xml; path = "GoogleService-Info.plist"; sourceTree = "<group>"; };
		52F593572999FC5D00811247 /* FirebaseFirestore.swift */ = {isa = PBXFileReference; lastKnownFileType = sourcecode.swift; path = FirebaseFirestore.swift; sourceTree = "<group>"; };
		52F5935A299A0C6000811247 /* AddExerciseView.swift */ = {isa = PBXFileReference; lastKnownFileType = sourcecode.swift; path = AddExerciseView.swift; sourceTree = "<group>"; };
		52F5935C299A11BA00811247 /* AddExerciseViewController.swift */ = {isa = PBXFileReference; lastKnownFileType = sourcecode.swift; path = AddExerciseViewController.swift; sourceTree = "<group>"; };
		52F707D929DA8C5000C7187E /* RoutineView.swift */ = {isa = PBXFileReference; lastKnownFileType = sourcecode.swift; path = RoutineView.swift; sourceTree = "<group>"; };
/* End PBXFileReference section */

/* Begin PBXFrameworksBuildPhase section */
		5286055A2994A82E00293F77 /* Frameworks */ = {
			isa = PBXFrameworksBuildPhase;
			buildActionMask = 2147483647;
			files = (
				52F593562999FB6D00811247 /* FirebaseFunctions in Frameworks */,
				52F593522999FB6D00811247 /* FirebaseFirestore in Frameworks */,
				52F593542999FB6D00811247 /* FirebaseFirestoreSwift in Frameworks */,
				529C519429A2BB8A00883BE9 /* Charts in Frameworks */,
			);
			runOnlyForDeploymentPostprocessing = 0;
		};
/* End PBXFrameworksBuildPhase section */

/* Begin PBXGroup section */
		528605542994A82E00293F77 = {
			isa = PBXGroup;
			children = (
				5286055F2994A82E00293F77 /* Better */,
				5286055E2994A82E00293F77 /* Products */,
			);
			sourceTree = "<group>";
		};
		5286055E2994A82E00293F77 /* Products */ = {
			isa = PBXGroup;
			children = (
				5286055D2994A82E00293F77 /* Better.app */,
			);
			name = Products;
			sourceTree = "<group>";
		};
		5286055F2994A82E00293F77 /* Better */ = {
			isa = PBXGroup;
			children = (
				52F5933D2996EBCA00811247 /* Cells */,
				52F593352996E36F00811247 /* Enums */,
				52F593342996E36600811247 /* Models */,
				52F593362996E37B00811247 /* Views */,
				52F593372996E38A00811247 /* Delegates */,
				52F593382996E39800811247 /* ViewControllers */,
				528605692994A83300293F77 /* Assets.xcassets */,
				5286056B2994A83300293F77 /* LaunchScreen.storyboard */,
				5286056E2994A83300293F77 /* Info.plist */,
				52F5934E2999FA1600811247 /* GoogleService-Info.plist */,
				52F593592999FC6500811247 /* Firebase */,
				529C518629A0BBB800883BE9 /* FontConstants.swift */,
				529C518829A0BF2D00883BE9 /* InsetTextField.swift */,
			);
			path = Better;
			sourceTree = "<group>";
		};
		52F593342996E36600811247 /* Models */ = {
			isa = PBXGroup;
			children = (
				52F593302996DC5600811247 /* Exercise.swift */,
				52F593462999561600811247 /* ExerciseRecord.swift */,
				529C518E29A0D12400883BE9 /* WeightRecord.swift */,
				5280F27D29DFA57200C3D0E0 /* Routine.swift */,
			);
			path = Models;
			sourceTree = "<group>";
		};
		52F593352996E36F00811247 /* Enums */ = {
			isa = PBXGroup;
			children = (
				52F593322996DECF00811247 /* MuscleGroupEnum.swift */,
			);
			path = Enums;
			sourceTree = "<group>";
		};
		52F593362996E37B00811247 /* Views */ = {
			isa = PBXGroup;
			children = (
				52F5932E2996D9F500811247 /* ExercisesView.swift */,
				528605742994A87200293F77 /* WeightView.swift */,
				52F593442998912B00811247 /* ExerciseDetailView.swift */,
				52F5935A299A0C6000811247 /* AddExerciseView.swift */,
				52EBD5B1299FFBA000DE7CE3 /* MuscleGroupSelectorView.swift */,
				52F707D929DA8C5000C7187E /* RoutineView.swift */,
			);
			path = Views;
			sourceTree = "<group>";
		};
		52F593372996E38A00811247 /* Delegates */ = {
			isa = PBXGroup;
			children = (
				528605602994A82E00293F77 /* AppDelegate.swift */,
				528605622994A82E00293F77 /* SceneDelegate.swift */,
			);
			path = Delegates;
			sourceTree = "<group>";
		};
		52F593382996E39800811247 /* ViewControllers */ = {
			isa = PBXGroup;
			children = (
				528605642994A82E00293F77 /* WeightViewController.swift */,
				52F593392996EA5800811247 /* ExercisesViewController.swift */,
				52F5934A2999B44200811247 /* ExerciseDetailViewController.swift */,
				52F5935C299A11BA00811247 /* AddExerciseViewController.swift */,
				52EBD5B3299FFDF700DE7CE3 /* MuscleGroupSelectorViewController.swift */,
				5276138129B558B100BF2A37 /* WeightCombinationViewController.swift */,
			);
			path = ViewControllers;
			sourceTree = "<group>";
		};
		52F5933D2996EBCA00811247 /* Cells */ = {
			isa = PBXGroup;
			children = (
				52F5933B2996EBC300811247 /* ExerciseCell.swift */,
				52F593482999AF1600811247 /* ExerciseRecordCell.swift */,
				52F5934C2999CB5F00811247 /* ExerciseEditableCell.swift */,
				52EBD5B529A0003A00DE7CE3 /* MuscleGroupCell.swift */,
				529C518A29A0C1D300883BE9 /* EditableWeightSectionView.swift */,
				529C518C29A0CA1A00883BE9 /* WeightRecordCell.swift */,
			);
			path = Cells;
			sourceTree = "<group>";
		};
		52F593592999FC6500811247 /* Firebase */ = {
			isa = PBXGroup;
			children = (
				52F593572999FC5D00811247 /* FirebaseFirestore.swift */,
			);
			path = Firebase;
			sourceTree = "<group>";
		};
/* End PBXGroup section */

/* Begin PBXNativeTarget section */
		5286055C2994A82E00293F77 /* Better */ = {
			isa = PBXNativeTarget;
			buildConfigurationList = 528605712994A83300293F77 /* Build configuration list for PBXNativeTarget "Better" */;
			buildPhases = (
				528605592994A82E00293F77 /* Sources */,
				5286055A2994A82E00293F77 /* Frameworks */,
				5286055B2994A82E00293F77 /* Resources */,
			);
			buildRules = (
			);
			dependencies = (
			);
			name = Better;
			packageProductDependencies = (
				52F593512999FB6D00811247 /* FirebaseFirestore */,
				52F593532999FB6D00811247 /* FirebaseFirestoreSwift */,
				52F593552999FB6D00811247 /* FirebaseFunctions */,
				529C519329A2BB8A00883BE9 /* Charts */,
			);
			productName = Better;
			productReference = 5286055D2994A82E00293F77 /* Better.app */;
			productType = "com.apple.product-type.application";
		};
/* End PBXNativeTarget section */

/* Begin PBXProject section */
		528605552994A82E00293F77 /* Project object */ = {
			isa = PBXProject;
			attributes = {
				BuildIndependentTargetsInParallel = 1;
				LastSwiftUpdateCheck = 1320;
				LastUpgradeCheck = 1320;
				TargetAttributes = {
					5286055C2994A82E00293F77 = {
						CreatedOnToolsVersion = 13.2.1;
					};
				};
			};
			buildConfigurationList = 528605582994A82E00293F77 /* Build configuration list for PBXProject "Better" */;
			compatibilityVersion = "Xcode 14.0";
			developmentRegion = en;
			hasScannedForEncodings = 0;
			knownRegions = (
				en,
				Base,
			);
			mainGroup = 528605542994A82E00293F77;
			packageReferences = (
				52F593502999FB6D00811247 /* XCRemoteSwiftPackageReference "firebase-ios-sdk" */,
				529C519229A2BB8A00883BE9 /* XCRemoteSwiftPackageReference "Charts" */,
			);
			productRefGroup = 5286055E2994A82E00293F77 /* Products */;
			projectDirPath = "";
			projectRoot = "";
			targets = (
				5286055C2994A82E00293F77 /* Better */,
			);
		};
/* End PBXProject section */

/* Begin PBXResourcesBuildPhase section */
		5286055B2994A82E00293F77 /* Resources */ = {
			isa = PBXResourcesBuildPhase;
			buildActionMask = 2147483647;
			files = (
				5286056D2994A83300293F77 /* LaunchScreen.storyboard in Resources */,
				5286056A2994A83300293F77 /* Assets.xcassets in Resources */,
				52F5934F2999FA1600811247 /* GoogleService-Info.plist in Resources */,
			);
			runOnlyForDeploymentPostprocessing = 0;
		};
/* End PBXResourcesBuildPhase section */

/* Begin PBXSourcesBuildPhase section */
		528605592994A82E00293F77 /* Sources */ = {
			isa = PBXSourcesBuildPhase;
			buildActionMask = 2147483647;
			files = (
				52EBD5B4299FFDF700DE7CE3 /* MuscleGroupSelectorViewController.swift in Sources */,
				528605652994A82E00293F77 /* WeightViewController.swift in Sources */,
				52F593582999FC5D00811247 /* FirebaseFirestore.swift in Sources */,
				52F593452998912B00811247 /* ExerciseDetailView.swift in Sources */,
				528605612994A82E00293F77 /* AppDelegate.swift in Sources */,
				529C518929A0BF2D00883BE9 /* InsetTextField.swift in Sources */,
				52F5933C2996EBC300811247 /* ExerciseCell.swift in Sources */,
				52EBD5B629A0003A00DE7CE3 /* MuscleGroupCell.swift in Sources */,
				529C518D29A0CA1A00883BE9 /* WeightRecordCell.swift in Sources */,
				52F5933A2996EA5800811247 /* ExercisesViewController.swift in Sources */,
				52F5935D299A11BA00811247 /* AddExerciseViewController.swift in Sources */,
				529C518F29A0D12400883BE9 /* WeightRecord.swift in Sources */,
				528605632994A82E00293F77 /* SceneDelegate.swift in Sources */,
				52F5932F2996D9F500811247 /* ExercisesView.swift in Sources */,
				528605752994A87200293F77 /* WeightView.swift in Sources */,
				52F593332996DECF00811247 /* MuscleGroupEnum.swift in Sources */,
				5276138229B558B100BF2A37 /* WeightCombinationViewController.swift in Sources */,
				52F5934B2999B44200811247 /* ExerciseDetailViewController.swift in Sources */,
				52F707DA29DA8C5000C7187E /* RoutineView.swift in Sources */,
				52EBD5B2299FFBA000DE7CE3 /* MuscleGroupSelectorView.swift in Sources */,
				529C518729A0BBB800883BE9 /* FontConstants.swift in Sources */,
				52F593312996DC5600811247 /* Exercise.swift in Sources */,
				5280F27E29DFA57200C3D0E0 /* Routine.swift in Sources */,
				52F5935B299A0C6000811247 /* AddExerciseView.swift in Sources */,
				52F593492999AF1600811247 /* ExerciseRecordCell.swift in Sources */,
				529C518B29A0C1D300883BE9 /* EditableWeightSectionView.swift in Sources */,
				52F593472999561600811247 /* ExerciseRecord.swift in Sources */,
				52F5934D2999CB5F00811247 /* ExerciseEditableCell.swift in Sources */,
			);
			runOnlyForDeploymentPostprocessing = 0;
		};
/* End PBXSourcesBuildPhase section */

/* Begin PBXVariantGroup section */
		5286056B2994A83300293F77 /* LaunchScreen.storyboard */ = {
			isa = PBXVariantGroup;
			children = (
				5286056C2994A83300293F77 /* Base */,
			);
			name = LaunchScreen.storyboard;
			sourceTree = "<group>";
		};
/* End PBXVariantGroup section */

/* Begin XCBuildConfiguration section */
		5286056F2994A83300293F77 /* Debug */ = {
			isa = XCBuildConfiguration;
			buildSettings = {
				ALWAYS_SEARCH_USER_PATHS = NO;
				CLANG_ANALYZER_NONNULL = YES;
				CLANG_ANALYZER_NUMBER_OBJECT_CONVERSION = YES_AGGRESSIVE;
				CLANG_CXX_LANGUAGE_STANDARD = "gnu++17";
				CLANG_CXX_LIBRARY = "libc++";
				CLANG_ENABLE_MODULES = YES;
				CLANG_ENABLE_OBJC_ARC = YES;
				CLANG_ENABLE_OBJC_WEAK = YES;
				CLANG_WARN_BLOCK_CAPTURE_AUTORELEASING = YES;
				CLANG_WARN_BOOL_CONVERSION = YES;
				CLANG_WARN_COMMA = YES;
				CLANG_WARN_CONSTANT_CONVERSION = YES;
				CLANG_WARN_DEPRECATED_OBJC_IMPLEMENTATIONS = YES;
				CLANG_WARN_DIRECT_OBJC_ISA_USAGE = YES_ERROR;
				CLANG_WARN_DOCUMENTATION_COMMENTS = YES;
				CLANG_WARN_EMPTY_BODY = YES;
				CLANG_WARN_ENUM_CONVERSION = YES;
				CLANG_WARN_INFINITE_RECURSION = YES;
				CLANG_WARN_INT_CONVERSION = YES;
				CLANG_WARN_NON_LITERAL_NULL_CONVERSION = YES;
				CLANG_WARN_OBJC_IMPLICIT_RETAIN_SELF = YES;
				CLANG_WARN_OBJC_LITERAL_CONVERSION = YES;
				CLANG_WARN_OBJC_ROOT_CLASS = YES_ERROR;
				CLANG_WARN_QUOTED_INCLUDE_IN_FRAMEWORK_HEADER = YES;
				CLANG_WARN_RANGE_LOOP_ANALYSIS = YES;
				CLANG_WARN_STRICT_PROTOTYPES = YES;
				CLANG_WARN_SUSPICIOUS_MOVE = YES;
				CLANG_WARN_UNGUARDED_AVAILABILITY = YES_AGGRESSIVE;
				CLANG_WARN_UNREACHABLE_CODE = YES;
				CLANG_WARN__DUPLICATE_METHOD_MATCH = YES;
				COPY_PHASE_STRIP = NO;
				DEBUG_INFORMATION_FORMAT = dwarf;
				ENABLE_STRICT_OBJC_MSGSEND = YES;
				ENABLE_TESTABILITY = YES;
				GCC_C_LANGUAGE_STANDARD = gnu11;
				GCC_DYNAMIC_NO_PIC = NO;
				GCC_NO_COMMON_BLOCKS = YES;
				GCC_OPTIMIZATION_LEVEL = 0;
				GCC_PREPROCESSOR_DEFINITIONS = (
					"DEBUG=1",
					"$(inherited)",
				);
				GCC_WARN_64_TO_32_BIT_CONVERSION = YES;
				GCC_WARN_ABOUT_RETURN_TYPE = YES_ERROR;
				GCC_WARN_UNDECLARED_SELECTOR = YES;
				GCC_WARN_UNINITIALIZED_AUTOS = YES_AGGRESSIVE;
				GCC_WARN_UNUSED_FUNCTION = YES;
				GCC_WARN_UNUSED_VARIABLE = YES;
				IPHONEOS_DEPLOYMENT_TARGET = 16.4;
				MTL_ENABLE_DEBUG_INFO = INCLUDE_SOURCE;
				MTL_FAST_MATH = YES;
				ONLY_ACTIVE_ARCH = YES;
				SDKROOT = iphoneos;
				SWIFT_ACTIVE_COMPILATION_CONDITIONS = DEBUG;
				SWIFT_OPTIMIZATION_LEVEL = "-Onone";
			};
			name = Debug;
		};
		528605702994A83300293F77 /* Release */ = {
			isa = XCBuildConfiguration;
			buildSettings = {
				ALWAYS_SEARCH_USER_PATHS = NO;
				CLANG_ANALYZER_NONNULL = YES;
				CLANG_ANALYZER_NUMBER_OBJECT_CONVERSION = YES_AGGRESSIVE;
				CLANG_CXX_LANGUAGE_STANDARD = "gnu++17";
				CLANG_CXX_LIBRARY = "libc++";
				CLANG_ENABLE_MODULES = YES;
				CLANG_ENABLE_OBJC_ARC = YES;
				CLANG_ENABLE_OBJC_WEAK = YES;
				CLANG_WARN_BLOCK_CAPTURE_AUTORELEASING = YES;
				CLANG_WARN_BOOL_CONVERSION = YES;
				CLANG_WARN_COMMA = YES;
				CLANG_WARN_CONSTANT_CONVERSION = YES;
				CLANG_WARN_DEPRECATED_OBJC_IMPLEMENTATIONS = YES;
				CLANG_WARN_DIRECT_OBJC_ISA_USAGE = YES_ERROR;
				CLANG_WARN_DOCUMENTATION_COMMENTS = YES;
				CLANG_WARN_EMPTY_BODY = YES;
				CLANG_WARN_ENUM_CONVERSION = YES;
				CLANG_WARN_INFINITE_RECURSION = YES;
				CLANG_WARN_INT_CONVERSION = YES;
				CLANG_WARN_NON_LITERAL_NULL_CONVERSION = YES;
				CLANG_WARN_OBJC_IMPLICIT_RETAIN_SELF = YES;
				CLANG_WARN_OBJC_LITERAL_CONVERSION = YES;
				CLANG_WARN_OBJC_ROOT_CLASS = YES_ERROR;
				CLANG_WARN_QUOTED_INCLUDE_IN_FRAMEWORK_HEADER = YES;
				CLANG_WARN_RANGE_LOOP_ANALYSIS = YES;
				CLANG_WARN_STRICT_PROTOTYPES = YES;
				CLANG_WARN_SUSPICIOUS_MOVE = YES;
				CLANG_WARN_UNGUARDED_AVAILABILITY = YES_AGGRESSIVE;
				CLANG_WARN_UNREACHABLE_CODE = YES;
				CLANG_WARN__DUPLICATE_METHOD_MATCH = YES;
				COPY_PHASE_STRIP = NO;
				DEBUG_INFORMATION_FORMAT = "dwarf-with-dsym";
				ENABLE_NS_ASSERTIONS = NO;
				ENABLE_STRICT_OBJC_MSGSEND = YES;
				GCC_C_LANGUAGE_STANDARD = gnu11;
				GCC_NO_COMMON_BLOCKS = YES;
				GCC_WARN_64_TO_32_BIT_CONVERSION = YES;
				GCC_WARN_ABOUT_RETURN_TYPE = YES_ERROR;
				GCC_WARN_UNDECLARED_SELECTOR = YES;
				GCC_WARN_UNINITIALIZED_AUTOS = YES_AGGRESSIVE;
				GCC_WARN_UNUSED_FUNCTION = YES;
				GCC_WARN_UNUSED_VARIABLE = YES;
				IPHONEOS_DEPLOYMENT_TARGET = 16.4;
				MTL_ENABLE_DEBUG_INFO = NO;
				MTL_FAST_MATH = YES;
				SDKROOT = iphoneos;
				SWIFT_COMPILATION_MODE = wholemodule;
				SWIFT_OPTIMIZATION_LEVEL = "-O";
				VALIDATE_PRODUCT = YES;
			};
			name = Release;
		};
		528605722994A83300293F77 /* Debug */ = {
			isa = XCBuildConfiguration;
			buildSettings = {
				ASSETCATALOG_COMPILER_APPICON_NAME = AppIcon;
				ASSETCATALOG_COMPILER_GLOBAL_ACCENT_COLOR_NAME = AccentColor;
				CODE_SIGN_STYLE = Automatic;
				CURRENT_PROJECT_VERSION = 1;
				DEVELOPMENT_TEAM = WKJR88SLMG;
				GENERATE_INFOPLIST_FILE = YES;
				INFOPLIST_FILE = Better/Info.plist;
				INFOPLIST_KEY_UIApplicationSupportsIndirectInputEvents = YES;
				INFOPLIST_KEY_UILaunchStoryboardName = LaunchScreen;
				INFOPLIST_KEY_UIMainStoryboardFile = LaunchScreen;
				INFOPLIST_KEY_UISupportedInterfaceOrientations_iPad = "UIInterfaceOrientationPortrait UIInterfaceOrientationPortraitUpsideDown UIInterfaceOrientationLandscapeLeft UIInterfaceOrientationLandscapeRight";
				INFOPLIST_KEY_UISupportedInterfaceOrientations_iPhone = "UIInterfaceOrientationPortrait UIInterfaceOrientationLandscapeLeft UIInterfaceOrientationLandscapeRight";
				LD_RUNPATH_SEARCH_PATHS = (
					"$(inherited)",
					"@executable_path/Frameworks",
				);
				MARKETING_VERSION = 1.0;
				PRODUCT_BUNDLE_IDENTIFIER = John.Better;
				PRODUCT_NAME = "$(TARGET_NAME)";
				SWIFT_EMIT_LOC_STRINGS = YES;
				SWIFT_VERSION = 5.0;
				TARGETED_DEVICE_FAMILY = "1,2";
			};
			name = Debug;
		};
		528605732994A83300293F77 /* Release */ = {
			isa = XCBuildConfiguration;
			buildSettings = {
				ASSETCATALOG_COMPILER_APPICON_NAME = AppIcon;
				ASSETCATALOG_COMPILER_GLOBAL_ACCENT_COLOR_NAME = AccentColor;
				CODE_SIGN_STYLE = Automatic;
				CURRENT_PROJECT_VERSION = 1;
				DEVELOPMENT_TEAM = WKJR88SLMG;
				GENERATE_INFOPLIST_FILE = YES;
				INFOPLIST_FILE = Better/Info.plist;
				INFOPLIST_KEY_UIApplicationSupportsIndirectInputEvents = YES;
				INFOPLIST_KEY_UILaunchStoryboardName = LaunchScreen;
				INFOPLIST_KEY_UIMainStoryboardFile = LaunchScreen;
				INFOPLIST_KEY_UISupportedInterfaceOrientations_iPad = "UIInterfaceOrientationPortrait UIInterfaceOrientationPortraitUpsideDown UIInterfaceOrientationLandscapeLeft UIInterfaceOrientationLandscapeRight";
				INFOPLIST_KEY_UISupportedInterfaceOrientations_iPhone = "UIInterfaceOrientationPortrait UIInterfaceOrientationLandscapeLeft UIInterfaceOrientationLandscapeRight";
				LD_RUNPATH_SEARCH_PATHS = (
					"$(inherited)",
					"@executable_path/Frameworks",
				);
				MARKETING_VERSION = 1.0;
				PRODUCT_BUNDLE_IDENTIFIER = John.Better;
				PRODUCT_NAME = "$(TARGET_NAME)";
				SWIFT_EMIT_LOC_STRINGS = YES;
				SWIFT_VERSION = 5.0;
				TARGETED_DEVICE_FAMILY = "1,2";
			};
			name = Release;
		};
/* End XCBuildConfiguration section */

/* Begin XCConfigurationList section */
		528605582994A82E00293F77 /* Build configuration list for PBXProject "Better" */ = {
			isa = XCConfigurationList;
			buildConfigurations = (
				5286056F2994A83300293F77 /* Debug */,
				528605702994A83300293F77 /* Release */,
			);
			defaultConfigurationIsVisible = 0;
			defaultConfigurationName = Release;
		};
		528605712994A83300293F77 /* Build configuration list for PBXNativeTarget "Better" */ = {
			isa = XCConfigurationList;
			buildConfigurations = (
				528605722994A83300293F77 /* Debug */,
				528605732994A83300293F77 /* Release */,
			);
			defaultConfigurationIsVisible = 0;
			defaultConfigurationName = Release;
		};
/* End XCConfigurationList section */

/* Begin XCRemoteSwiftPackageReference section */
		529C519229A2BB8A00883BE9 /* XCRemoteSwiftPackageReference "Charts" */ = {
			isa = XCRemoteSwiftPackageReference;
			repositoryURL = "https://github.com/danielgindi/Charts.git";
			requirement = {
				branch = master;
				kind = branch;
			};
		};
		52F593502999FB6D00811247 /* XCRemoteSwiftPackageReference "firebase-ios-sdk" */ = {
			isa = XCRemoteSwiftPackageReference;
			repositoryURL = "https://github.com/firebase/firebase-ios-sdk";
			requirement = {
				kind = upToNextMajorVersion;
				minimumVersion = 9.0.0;
			};
		};
/* End XCRemoteSwiftPackageReference section */

/* Begin XCSwiftPackageProductDependency section */
		529C519329A2BB8A00883BE9 /* Charts */ = {
			isa = XCSwiftPackageProductDependency;
			package = 529C519229A2BB8A00883BE9 /* XCRemoteSwiftPackageReference "Charts" */;
			productName = Charts;
		};
		52F593512999FB6D00811247 /* FirebaseFirestore */ = {
			isa = XCSwiftPackageProductDependency;
			package = 52F593502999FB6D00811247 /* XCRemoteSwiftPackageReference "firebase-ios-sdk" */;
			productName = FirebaseFirestore;
		};
		52F593532999FB6D00811247 /* FirebaseFirestoreSwift */ = {
			isa = XCSwiftPackageProductDependency;
			package = 52F593502999FB6D00811247 /* XCRemoteSwiftPackageReference "firebase-ios-sdk" */;
			productName = FirebaseFirestoreSwift;
		};
		52F593552999FB6D00811247 /* FirebaseFunctions */ = {
			isa = XCSwiftPackageProductDependency;
			package = 52F593502999FB6D00811247 /* XCRemoteSwiftPackageReference "firebase-ios-sdk" */;
			productName = FirebaseFunctions;
		};
/* End XCSwiftPackageProductDependency section */
	};
	rootObject = 528605552994A82E00293F77 /* Project object */;
}
